# THIS IS AN AUTOGENERATED FILE. DO NOT EDIT THIS FILE DIRECTLY.
# yarn lockfile v1


"@babel/runtime@^7.7.6":
  version "7.18.9"
  resolved "https://registry.yarnpkg.com/@babel/runtime/-/runtime-7.18.9.tgz#b4fcfce55db3d2e5e080d2490f608a3b9f407f4a"
  integrity sha512-lkqXDcvlFT5rvEjiu6+QYO+1GXrEHRo2LOtS7E4GtX5ESIZOgepqsZBVIj6Pv+a6zqsya9VCgiK1KAK4BvJDAw==
  dependencies:
    regenerator-runtime "^0.13.4"

"@fluentui/date-time-utilities@^8.5.2":
  version "8.5.2"
  resolved "https://registry.yarnpkg.com/@fluentui/date-time-utilities/-/date-time-utilities-8.5.2.tgz#bd6b9b419188f404e4b2c60307f11336f61b4998"
  integrity sha512-u540ACUdnC+Jms1DIHkho80eJmoCg/LtAzR4a/1Tum6PicxWv59UYp9Ba7qFbIw+mrjWnwX/2ZmBpqTy9Rgn7w==
  dependencies:
    "@fluentui/set-version" "^8.2.2"
    tslib "^2.1.0"

"@fluentui/dom-utilities@^2.2.2":
  version "2.2.2"
  resolved "https://registry.yarnpkg.com/@fluentui/dom-utilities/-/dom-utilities-2.2.2.tgz#9fffd59a1ceab7121bbb4355744d94cae5452780"
  integrity sha512-puklLc6Jvg279OGagqkSfuHML6ckBhw3gJakdvIZHKeJiduh+34U4Finl3K24yBSXzG2WsN+LwLTd1Vcociy+g==
  dependencies:
    "@fluentui/set-version" "^8.2.2"
    tslib "^2.1.0"

"@fluentui/font-icons-mdl2@^8.4.11":
  version "8.4.11"
  resolved "https://registry.yarnpkg.com/@fluentui/font-icons-mdl2/-/font-icons-mdl2-8.4.11.tgz#f05ab6432d0c265e738e6f0c60bf8bcf3cd37448"
  integrity sha512-QHToEiyEcKzG6pjkVWAR19pNES4xp8HCX5vHnHXBQFMXT0fhBFwLM33L6PZGa/W1IcPed7UGjA9OrklxDdbuqQ==
  dependencies:
    "@fluentui/set-version" "^8.2.2"
    "@fluentui/style-utilities" "^8.7.10"
    "@fluentui/utilities" "^8.13.0"
    tslib "^2.1.0"

"@fluentui/foundation-legacy@^8.2.18":
  version "8.2.18"
  resolved "https://registry.yarnpkg.com/@fluentui/foundation-legacy/-/foundation-legacy-8.2.18.tgz#6758b145505f120d3b2d2e00a7adffefffa2d8fd"
  integrity sha512-CX49z3W23H+qfOLkLtCWDt0eZVA6+EyM02JZ/oINRWzZN3QPWOhrGqPCsuQKg7pPfRuRtdOrmkHq+Rh8zdB0Cg==
  dependencies:
    "@fluentui/merge-styles" "^8.5.3"
    "@fluentui/set-version" "^8.2.2"
    "@fluentui/style-utilities" "^8.7.10"
    "@fluentui/utilities" "^8.13.0"
    tslib "^2.1.0"

"@fluentui/keyboard-key@^0.4.2":
  version "0.4.2"
  resolved "https://registry.yarnpkg.com/@fluentui/keyboard-key/-/keyboard-key-0.4.2.tgz#be1f9e2709840396e421f6c772756460bf083537"
  integrity sha512-6WdMrnFpY94uWefUGGRqO4WiS6R+Kso6/FR95SxXMuS6kfnjGJCHzywFGZcN5OU1fX067Zna4aPQ/nDwYMgBPw==
  dependencies:
    tslib "^2.1.0"

"@fluentui/merge-styles@^8.5.3":
  version "8.5.3"
  resolved "https://registry.yarnpkg.com/@fluentui/merge-styles/-/merge-styles-8.5.3.tgz#e9d9d08a4825e117913c417d99233736f570736a"
  integrity sha512-bHWftN3zTp1bbBfmAEH8YK9UURWj2mffw7b7VaW2Og1qxwv3GMSza1cyv/d3EVqpMJ8AVwFv3mbi9p1ieMN9mw==
  dependencies:
    "@fluentui/set-version" "^8.2.2"
    tslib "^2.1.0"

"@fluentui/react-focus@^8.8.3":
  version "8.8.3"
  resolved "https://registry.yarnpkg.com/@fluentui/react-focus/-/react-focus-8.8.3.tgz#f856bbf33bcc364229d3aecf13fb139a04af2521"
  integrity sha512-eVecpq7ilzHDPnGEAb65hZd7U17jJyH0Xx2iCo0kn2X2LXTMoB8Bzwvj9ls6WMUKAYIELzy8QVQrxS3n0I38Cg==
  dependencies:
    "@fluentui/keyboard-key" "^0.4.2"
    "@fluentui/merge-styles" "^8.5.3"
    "@fluentui/set-version" "^8.2.2"
    "@fluentui/style-utilities" "^8.7.10"
    "@fluentui/utilities" "^8.13.0"
    tslib "^2.1.0"

"@fluentui/react-hooks@^8.6.10":
  version "8.6.10"
  resolved "https://registry.yarnpkg.com/@fluentui/react-hooks/-/react-hooks-8.6.10.tgz#6fe690853dc31e82a439a27fd28f0e6249018d48"
  integrity sha512-4BAa+dLfuo8UyxViGp7GUq7RF1MdpOHAHb7xTnLjlXJbnDIgw8hImfMluITuOktdO5EvZgV2b3OleRNdGX1sUQ==
  dependencies:
    "@fluentui/react-window-provider" "^2.2.2"
    "@fluentui/set-version" "^8.2.2"
    "@fluentui/utilities" "^8.13.0"
    tslib "^2.1.0"

"@fluentui/react-portal-compat-context@^9.0.1":
  version "9.0.1"
  resolved "https://registry.yarnpkg.com/@fluentui/react-portal-compat-context/-/react-portal-compat-context-9.0.1.tgz#444b0bd2c525f0559302181b0982ed42eac97f71"
  integrity sha512-KhOcXy2tvzNoAqFowkaRGFiLuRuPjzn6i1W30iMkhgsSVKxa/9jxso86Z8R0eZwA+16RNO/Ia2nX1gqfUac9mw==
  dependencies:
    tslib "^2.1.0"

"@fluentui/react-window-provider@^2.2.2":
  version "2.2.2"
  resolved "https://registry.yarnpkg.com/@fluentui/react-window-provider/-/react-window-provider-2.2.2.tgz#ee428c6546a00198c97049771b74319f10da5e07"
  integrity sha512-/1uQ01HqGRpUOMozUy1FYmxp6blZZvtKN50rqxnQJr8O1bcpg8lJzhq064E8EjOXfdNh47zKSloP4ebbDI5vrw==
  dependencies:
    "@fluentui/set-version" "^8.2.2"
    tslib "^2.1.0"

"@fluentui/react@^8.93.0":
  version "8.93.0"
  resolved "https://registry.yarnpkg.com/@fluentui/react/-/react-8.93.0.tgz#2c6e3c51e890b2e095fc3f479112e8a91cbd3a20"
  integrity sha512-ahVviLOWSkv4Bu0IG7v+G99rBtZ6H0Uu5KThj9sXfpnKN+ghX6DendUKlb0NCjpgXG/JYnpc4d3rPAwpd1LqIg==
  dependencies:
    "@fluentui/date-time-utilities" "^8.5.2"
    "@fluentui/font-icons-mdl2" "^8.4.11"
    "@fluentui/foundation-legacy" "^8.2.18"
    "@fluentui/merge-styles" "^8.5.3"
    "@fluentui/react-focus" "^8.8.3"
    "@fluentui/react-hooks" "^8.6.10"
    "@fluentui/react-portal-compat-context" "^9.0.1"
    "@fluentui/react-window-provider" "^2.2.2"
    "@fluentui/set-version" "^8.2.2"
    "@fluentui/style-utilities" "^8.7.10"
    "@fluentui/theme" "^2.6.15"
    "@fluentui/utilities" "^8.13.0"
    "@microsoft/load-themed-styles" "^1.10.26"
    tslib "^2.1.0"

"@fluentui/set-version@^8.2.2":
  version "8.2.2"
  resolved "https://registry.yarnpkg.com/@fluentui/set-version/-/set-version-8.2.2.tgz#37cffcda607cb2604a86b72e98aee94c2fb809d2"
  integrity sha512-Vg20KZ0ufgWjxx6GFbqC5wiVxXZDUWgNT0r0By/Eyj4bUSb1jG6lmf5z1oY1dUX0YS6Cp5e6GnvbNdXg5E7orA==
  dependencies:
    tslib "^2.1.0"

"@fluentui/style-utilities@^8.7.10":
  version "8.7.10"
  resolved "https://registry.yarnpkg.com/@fluentui/style-utilities/-/style-utilities-8.7.10.tgz#3808b589ea655f23775bca58a14a05399a641ffc"
  integrity sha512-vCFPMGoqmC0k7EafgEjNt0WIbMPtzThTPNm3hRnxOt2DNjLd9YZeKNt03w3lv6ZjSzCkOJdaTj9bY0XV9B8+2Q==
  dependencies:
    "@fluentui/merge-styles" "^8.5.3"
    "@fluentui/set-version" "^8.2.2"
    "@fluentui/theme" "^2.6.15"
    "@fluentui/utilities" "^8.13.0"
    "@microsoft/load-themed-styles" "^1.10.26"
    tslib "^2.1.0"

"@fluentui/theme@^2.6.15":
  version "2.6.15"
  resolved "https://registry.yarnpkg.com/@fluentui/theme/-/theme-2.6.15.tgz#4d1ff6c7729cf45c0eed78a5dbc22d7a64fec390"
  integrity sha512-q7CVpGmxxo27TCBTkUr95OyCvg8uVp4xfIExjQgyQX4EOqr0XE5zzws02ddq8BE3rfzgW8ZT4FwPiDTSwKlbgQ==
  dependencies:
    "@fluentui/merge-styles" "^8.5.3"
    "@fluentui/set-version" "^8.2.2"
    "@fluentui/utilities" "^8.13.0"
    tslib "^2.1.0"

"@fluentui/utilities@^8.13.0":
  version "8.13.0"
  resolved "https://registry.yarnpkg.com/@fluentui/utilities/-/utilities-8.13.0.tgz#f8adac4954518b4c36ac90dfe44be598ff519de0"
  integrity sha512-rkqsmONP7QzuKLuvyCU58b1CLR11U5F2znSDRYmzt2ShbTve+cQFnMLe5FCIt585GhHkX1hBblnFipvQJeRi/g==
  dependencies:
    "@fluentui/dom-utilities" "^2.2.2"
    "@fluentui/merge-styles" "^8.5.3"
    "@fluentui/set-version" "^8.2.2"
    tslib "^2.1.0"

"@microsoft/load-themed-styles@^1.10.26":
  version "1.10.290"
  resolved "https://registry.yarnpkg.com/@microsoft/load-themed-styles/-/load-themed-styles-1.10.290.tgz#dff00e093939ea86c3ac04b7f353b0be75e86a6d"
  integrity sha512-ZK9hPo+2mMT/Hne1OXW0KVIon2j90zOGBERleAdMzDyPfsu6DJsiFEGGil/3H83SU4Vz81MiAHqlGlA5Xkvsdw==

anymatch@~3.1.2:
  version "3.1.2"
  resolved "https://registry.yarnpkg.com/anymatch/-/anymatch-3.1.2.tgz#c0557c096af32f106198f4f4e2a383537e378716"
  integrity sha512-P43ePfOAIupkguHUycrc4qJ9kz8ZiuOUijaETwX7THt0Y/GNK7v0aa8rY816xWjZ7rJdA5XdMcpVFTKMq+RvWg==
  dependencies:
    normalize-path "^3.0.0"
    picomatch "^2.0.4"

asynckit@^0.4.0:
  version "0.4.0"
  resolved "https://registry.yarnpkg.com/asynckit/-/asynckit-0.4.0.tgz#c79ed97f7f34cb8f2ba1bc9790bcc366474b4b79"
  integrity sha512-Oei9OH4tRh0YqU3GxhX79dM/mwVgvbZJaSNaRk+bshkj0S5cfHcgYakreBjrHwatXKbz+IoIdYLxrKim2MjW0Q==

axios@^0.27.2:
  version "0.27.2"
  resolved "https://registry.yarnpkg.com/axios/-/axios-0.27.2.tgz#207658cc8621606e586c85db4b41a750e756d972"
  integrity sha512-t+yRIyySRTp/wua5xEr+z1q60QmLq8ABsS5O9Me1AsE5dfKqgnCFzwiCZZ/cGNd1lq4/7akDWMxdhVlucjmnOQ==
  dependencies:
    follow-redirects "^1.14.9"
    form-data "^4.0.0"

binary-extensions@^2.0.0:
  version "2.2.0"
  resolved "https://registry.yarnpkg.com/binary-extensions/-/binary-extensions-2.2.0.tgz#75f502eeaf9ffde42fc98829645be4ea76bd9e2d"
  integrity sha512-jDctJ/IVQbZoJykoeHbhXpOlNBqGNcwXJKJog42E5HDPUwQTSdjCHdihjj0DlnheQ7blbT6dHOafNAiS8ooQKA==

braces@~3.0.2:
  version "3.0.2"
  resolved "https://registry.yarnpkg.com/braces/-/braces-3.0.2.tgz#3454e1a462ee8d599e236df336cd9ea4f8afe107"
  integrity sha512-b8um+L1RzM3WDSzvhm6gIz1yfTbBt6YTlcEKAvsmqCZZFw46z626lVj9j1yEPW33H5H+lBQpZMP1k8l+78Ha0A==
  dependencies:
    fill-range "^7.0.1"

"chokidar@>=3.0.0 <4.0.0":
  version "3.5.3"
  resolved "https://registry.yarnpkg.com/chokidar/-/chokidar-3.5.3.tgz#1cf37c8707b932bd1af1ae22c0432e2acd1903bd"
  integrity sha512-Dr3sfKRP6oTcjf2JmUmFJfeVMvXBdegxB0iVQ5eb2V10uFJUCAS8OByZdVAyVb8xXNz3GjjTgj9kLWsZTqE6kw==
  dependencies:
    anymatch "~3.1.2"
    braces "~3.0.2"
    glob-parent "~5.1.2"
    is-binary-path "~2.1.0"
    is-glob "~4.0.1"
    normalize-path "~3.0.0"
    readdirp "~3.6.0"
  optionalDependencies:
    fsevents "~2.3.2"

combined-stream@^1.0.8:
  version "1.0.8"
  resolved "https://registry.yarnpkg.com/combined-stream/-/combined-stream-1.0.8.tgz#c3d45a8b34fd730631a110a8a2520682b31d5a7f"
  integrity sha512-FQN4MRfuJeHf7cBbBMJFXhKSDq+2kAArBlmRBvcvFE5BB1HZKXtSFASDhdlz9zOYwxh8lDdnvmMOe/+5cdoEdg==
  dependencies:
    delayed-stream "~1.0.0"

delayed-stream@~1.0.0:
  version "1.0.0"
  resolved "https://registry.yarnpkg.com/delayed-stream/-/delayed-stream-1.0.0.tgz#df3ae199acadfb7d440aaae0b29e2272b24ec619"
  integrity sha512-ZySD7Nf91aLB0RxL4KGrKHBXl7Eds1DAmEdcoVawXnLD7SDhpNgtuII2aAkg7a7QS41jxPSZ17p4VdGnMHk3MQ==

fill-range@^7.0.1:
  version "7.0.1"
  resolved "https://registry.yarnpkg.com/fill-range/-/fill-range-7.0.1.tgz#1919a6a7c75fe38b2c7c77e5198535da9acdda40"
  integrity sha512-qOo9F+dMUmC2Lcb4BbVvnKJxTPjCm+RRpe4gDuGrzkL7mEVl/djYSu2OdQ2Pa302N4oqkSg9ir6jaLWJ2USVpQ==
  dependencies:
    to-regex-range "^5.0.1"

follow-redirects@^1.14.9:
  version "1.15.1"
  resolved "https://registry.yarnpkg.com/follow-redirects/-/follow-redirects-1.15.1.tgz#0ca6a452306c9b276e4d3127483e29575e207ad5"
  integrity sha512-yLAMQs+k0b2m7cVxpS1VKJVvoz7SS9Td1zss3XRwXj+ZDH00RJgnuLx7E44wx02kQLrdM3aOOy+FpzS7+8OizA==

form-data@^4.0.0:
  version "4.0.0"
  resolved "https://registry.yarnpkg.com/form-data/-/form-data-4.0.0.tgz#93919daeaf361ee529584b9b31664dc12c9fa452"
  integrity sha512-ETEklSGi5t0QMZuiXoA/Q6vcnxcLQP5vdugSpuAyi6SVGi2clPPp+xgEhuMaHC+zGgn31Kd235W35f7Hykkaww==
  dependencies:
    asynckit "^0.4.0"
    combined-stream "^1.0.8"
    mime-types "^2.1.12"

fsevents@~2.3.2:
  version "2.3.2"
  resolved "https://registry.yarnpkg.com/fsevents/-/fsevents-2.3.2.tgz#8a526f78b8fdf4623b709e0b975c52c24c02fd1a"
  integrity sha512-xiqMQR4xAeHTuB9uWm+fFRcIOgKBMiOBP+eXiyT7jsgVCq1bkVygt00oASowB7EdtpOHaaPgKt812P9ab+DDKA==

glob-parent@~5.1.2:
  version "5.1.2"
  resolved "https://registry.yarnpkg.com/glob-parent/-/glob-parent-5.1.2.tgz#869832c58034fe68a4093c17dc15e8340d8401c4"
  integrity sha512-AOIgSQCepiJYwP3ARnGx+5VnTu2HBYdzbGP45eLw1vr3zB3vZLeyed1sC9hnbcOc9/SrMyM5RPQrkGz4aS9Zow==
  dependencies:
    is-glob "^4.0.1"

history@^5.2.0:
  version "5.3.0"
  resolved "https://registry.yarnpkg.com/history/-/history-5.3.0.tgz#1548abaa245ba47992f063a0783db91ef201c73b"
  integrity sha512-ZqaKwjjrAYUYfLG+htGaIIZ4nioX2L70ZUMIFysS3xvBsSG4x/n1V6TXV3N8ZYNuFGlDirFg32T7B6WOUPDYcQ==
  dependencies:
    "@babel/runtime" "^7.7.6"

immutable@^4.0.0:
  version "4.1.0"
  resolved "https://registry.yarnpkg.com/immutable/-/immutable-4.1.0.tgz#f795787f0db780183307b9eb2091fcac1f6fafef"
  integrity sha512-oNkuqVTA8jqG1Q6c+UglTOD1xhC1BtjKI7XkCXRkZHrN5m18/XsnUp8Q89GkQO/z+0WjonSvl0FLhDYftp46nQ==

is-binary-path@~2.1.0:
  version "2.1.0"
  resolved "https://registry.yarnpkg.com/is-binary-path/-/is-binary-path-2.1.0.tgz#ea1f7f3b80f064236e83470f86c09c254fb45b09"
  integrity sha512-ZMERYes6pDydyuGidse7OsHxtbI7WVeUEozgR/g7rd0xUimYNlvZRE/K2MgZTjWy725IfelLeVcEM97mmtRGXw==
  dependencies:
    binary-extensions "^2.0.0"

is-extglob@^2.1.1:
  version "2.1.1"
  resolved "https://registry.yarnpkg.com/is-extglob/-/is-extglob-2.1.1.tgz#a88c02535791f02ed37c76a1b9ea9773c833f8c2"
  integrity sha512-SbKbANkN603Vi4jEZv49LeVJMn4yGwsbzZworEoyEiutsN3nJYdbO36zfhGJ6QEDpOZIFkDtnq5JRxmvl3jsoQ==

is-glob@^4.0.1, is-glob@~4.0.1:
  version "4.0.3"
  resolved "https://registry.yarnpkg.com/is-glob/-/is-glob-4.0.3.tgz#64f61e42cbbb2eec2071a9dac0b28ba1e65d5084"
  integrity sha512-xelSayHH36ZgE7ZWhli7pW34hNbNl8Ojv5KVmkJD4hBdD3th8Tfk9vYasLM+mXWOZhFkgZfxhLSnrwRr4elSSg==
  dependencies:
    is-extglob "^2.1.1"

is-number@^7.0.0:
  version "7.0.0"
  resolved "https://registry.yarnpkg.com/is-number/-/is-number-7.0.0.tgz#7535345b896734d5f80c4d06c50955527a14f12b"
  integrity sha512-41Cifkg6e8TylSpdtTpeLVMqvSBEVzTttHvERD741+pnZ8ANv0004MRL43QKPDlK9cGvNp6NZWZUBlbGXYxxng==

mime-db@1.52.0:
  version "1.52.0"
  resolved "https://registry.yarnpkg.com/mime-db/-/mime-db-1.52.0.tgz#bbabcdc02859f4987301c856e3387ce5ec43bf70"
  integrity sha512-sPU4uV7dYlvtWJxwwxHD0PuihVNiE7TyAbQ5SWxDCB9mUYvOgroQOwYQQOKPJ8CIbE+1ETVlOoK1UC2nU3gYvg==

mime-types@^2.1.12:
  version "2.1.35"
  resolved "https://registry.yarnpkg.com/mime-types/-/mime-types-2.1.35.tgz#381a871b62a734450660ae3deee44813f70d959a"
  integrity sha512-ZDY+bPm5zTTF+YpCrAU9nK0UgICYPT0QtT1NZWFv4s++TNkcgVaT0g6+4R2uI4MjQjzysHB1zxuWL50hzaeXiw==
  dependencies:
    mime-db "1.52.0"

normalize-path@^3.0.0, normalize-path@~3.0.0:
  version "3.0.0"
  resolved "https://registry.yarnpkg.com/normalize-path/-/normalize-path-3.0.0.tgz#0dcd69ff23a1c9b11fd0978316644a0388216a65"
  integrity sha512-6eZs5Ls3WtCisHWp9S2GUy8dqkpGi4BVSz3GaqiE6ezub0512ESztXUwUB6C6IKbQkY2Pnb/mD4WYojCRwcwLA==

picomatch@^2.0.4, picomatch@^2.2.1:
  version "2.3.1"
  resolved "https://registry.yarnpkg.com/picomatch/-/picomatch-2.3.1.tgz#3ba3833733646d9d3e4995946c1365a67fb07a42"
  integrity sha512-JU3teHTNjmE2VCGFzuY8EXzCDVwEqB2a8fsIvwaStHhAWJEeVd1o1QD80CU6+ZdEXXSLbSsuLwJjkCBWqRQUVA==

react-router-dom@^6.3.0:
  version "6.3.0"
  resolved "https://registry.yarnpkg.com/react-router-dom/-/react-router-dom-6.3.0.tgz#a0216da813454e521905b5fa55e0e5176123f43d"
  integrity sha512-uaJj7LKytRxZNQV8+RbzJWnJ8K2nPsOOEuX7aQstlMZKQT0164C+X2w6bnkqU3sjtLvpd5ojrezAyfZ1+0sStw==
  dependencies:
    history "^5.2.0"
    react-router "6.3.0"

react-router@6.3.0:
  version "6.3.0"
  resolved "https://registry.yarnpkg.com/react-router/-/react-router-6.3.0.tgz#3970cc64b4cb4eae0c1ea5203a80334fdd175557"
  integrity sha512-7Wh1DzVQ+tlFjkeo+ujvjSqSJmkt1+8JO+T5xklPlgrh70y7ogx75ODRW0ThWhY7S+6yEDks8TYrtQe/aoboBQ==
  dependencies:
    history "^5.2.0"

readdirp@~3.6.0:
  version "3.6.0"
  resolved "https://registry.yarnpkg.com/readdirp/-/readdirp-3.6.0.tgz#74a370bd857116e245b29cc97340cd431a02a6c7"
  integrity sha512-hOS089on8RduqdbhvQ5Z37A0ESjsqz6qnRcffsMU3495FuTdqSm+7bhJ29JvIOsBDEEnan5DPu9t3To9VRlMzA==
  dependencies:
    picomatch "^2.2.1"

regenerator-runtime@^0.13.4:
  version "0.13.9"
  resolved "https://registry.yarnpkg.com/regenerator-runtime/-/regenerator-runtime-0.13.9.tgz#8925742a98ffd90814988d7566ad30ca3b263b52"
  integrity sha512-p3VT+cOEgxFsRRA9X4lkI1E+k2/CtnKtU4gcxyaCUreilL/vqI6CdZ3wxVUx3UOUg+gnUOQQcRI7BmSI656MYA==

sass@^1.54.6:
  version "1.54.6"
  resolved "https://registry.yarnpkg.com/sass/-/sass-1.54.6.tgz#5a12c268db26555c335028e355d6b7b1a5b9b4c8"
  integrity sha512-DUqJjR2WxXBcZjRSZX5gCVyU+9fuC2qDfFzoKX9rV4rCOcec5mPtEafTcfsyL3YJuLONjWylBne+uXVh5rrmFw==
  dependencies:
    chokidar ">=3.0.0 <4.0.0"
    immutable "^4.0.0"
    source-map-js ">=0.6.2 <2.0.0"

"source-map-js@>=0.6.2 <2.0.0":
  version "1.0.2"
  resolved "https://registry.yarnpkg.com/source-map-js/-/source-map-js-1.0.2.tgz#adbc361d9c62df380125e7f161f71c826f1e490c"
  integrity sha512-R0XvVJ9WusLiqTCEiGCmICCMplcCkIwwR11mOSD9CR5u+IXYdiseeEuXCVAjS54zqwkLcPNnmU4OeJ6tUrWhDw==

to-regex-range@^5.0.1:
  version "5.0.1"
  resolved "https://registry.yarnpkg.com/to-regex-range/-/to-regex-range-5.0.1.tgz#1648c44aae7c8d988a326018ed72f5b4dd0392e4"
  integrity sha512-65P7iz6X5yEr1cwcgvQxbbIw7Uk3gOy5dIdtZ4rDveLqhrdJP+Li/Hx6tyK0NEb+2GCyneCMJiGqrADCSNk8sQ==
  dependencies:
    is-number "^7.0.0"

tslib@^2.1.0:
  version "2.4.0"
  resolved "https://registry.yarnpkg.com/tslib/-/tslib-2.4.0.tgz#7cecaa7f073ce680a05847aa77be941098f36dc3"
  integrity sha512-d6xOpEDfsi2CZVlPQzGeux8XMwLT9hssAsaPYExaQMuYskwb+x1x7J371tWlbBdWHroy99KnVB6qIkUbs5X3UQ==

yarn@^1.22.19:
  version "1.22.19"
  resolved "https://registry.yarnpkg.com/yarn/-/yarn-1.22.19.tgz#4ba7fc5c6e704fce2066ecbfb0b0d8976fe62447"
  integrity sha512-/0V5q0WbslqnwP91tirOvldvYISzaqhClxzyUKXYxs07yUILIs5jx/k6CFe8bvKSkds5w+eiOqta39Wk3WxdcQ==
